{
  "nodes": {
    "nixpkgs": {
      "locked": {
        "lastModified": 1789632929,
        "narHash": "sha256-RjR8AyvGlWuw16XRj7C1YDEw4E27ciuyPeB2nDMzgTU=",
        "owner": "NixOS",
        "repo": "nixpkgs",
        "rev": "a32edd7654519351e48e80372a928df336394670",
        "type": "github"
      },
      "original": {
        "owner": "NixOS",
        "ref": "nixpkgs-unstable",
        "repo": "nixpkgs",
        "type": "github"
      }
    },
    "root": {
      "inputs": {
        "nixpkgs": "nixpkgs",
        "session-tree": "session-tree",
        "smart-keys": "smart-keys",
        "spawn": "spawn"
      }
    },
    "session-tree": {
      "inputs": {
        "nixpkgs": [
          "nixpkgs"
        ]
      },
      "locked": {
        "lastModified": 1789677321,
        "narHash": "sha256-lgAqbTOhL+MXz/CqfAwSj4jDaJ8uH6ifbERD+F4bKCg=",
        "owner": "roshbhatia",
        "repo": "session-tree.wezterm",
        "rev": "50376e7004bbfb7c7a775c91866da57b1b1a890f",
        "type": "github"
      },
      "original": {
        "owner": "roshbhatia",
        "repo": "session-tree.wezterm",
        "type": "github"
      }
    },
    "smart-keys": {
      "inputs": {
        "nixpkgs": [
          "nixpkgs"
        ]
      },
      "locked": {
        "lastModified": 1789492989,
        "narHash": "sha256-Bq/6zi/REiPMWmygJY2uczLtSjUfub1bfXKxxFSwi1I=",
        "owner": "roshbhatia",
        "repo": "smart-keys.wezterm",
        "rev": "42aab43f90e054605d12ce7ec2f85aacbf7c73cd",
        "type": "github"
      },
      "original": {
        "owner": "roshbhatia",
        "repo": "smart-keys.wezterm",
        "type": "github"
      }
    },
    "spawn": {
      "inputs": {
        "nixpkgs": [
          "nixpkgs"
        ]
      },
      "locked": {
        "lastModified": 1789492997,
        "narHash": "sha256-Y9zCuIbjroOb1/aFECQGLB+cnaJ7/CEwkV4ZTkigKhs=",
        "owner": "roshbhatia",
        "repo": "spawn.wezterm",
        "rev": "40bc0198a0689fe08adad9da4531a62c380135a8",
        "type": "github"
      },
      "original": {
        "owner": "roshbhatia",
        "repo": "spawn.wezterm",
        "type": "github"
      }
    }
  },
  "root": "root",
  "version": 7
}
